
Microsoft Visual Studio Solution File, Format Version 10.00
# Visual Studio 2008
Project("{8BC9CEB8-8B4A-11D0-8D11-00A0C91BC942}") = "Bundle", "Bundle\Bundle.vcproj", "{43F5C579-7C29-47F6-B9A2-D31B08A9C86B}"
EndProject
Global
	GlobalSection(SolutionConfigurationPlatforms) = preSolution
		Debug|Win32 = Debug|Win32
		Release|Win32 = Release|Win32
	EndGlobalSection
	GlobalSection(ProjectConfigurationPlatforms) = postSolution
		{43F5C579-7C29-47F6-B9A2-D31B08A9C86B}.Debug|Win32.ActiveCfg = Debug|Win32
		{43F5C579-7C29-47F6-B9A2-D31B08A9C86B}.Debug|Win32.Build.0 = Debug|Win32
		{43F5C579-7C29-47F6-B9A2-D31B08A9C86B}.Release|Win32.ActiveCfg = Release|Win32
		{43F5C579-7C29-47F6-B9A2-D31B08A9C86B}.Release|Win32.Build.0 = Release|Win32
	EndGlobalSection
	GlobalSection(SolutionProperties) = preSolution
		HideSolutionNode = FALSE
	EndGlobalSection
EndGlobal
